
Microsoft Visual Studio Solution File, Format Version 12.00
# Visual Studio Version 17
VisualStudioVersion = 17.11.35222.181
MinimumVisualStudioVersion = 10.0.40219.1
Project("{9A19103F-16F7-4668-BE54-9A1E7A4F7556}") = "Kab.DemirAjans.WebAPI", "backend\Kab.DemirAjans.WebAPI\Kab.DemirAjans.WebAPI.csproj", "{8574609C-09CB-44DF-B97D-FB7F2E7424C3}"
EndProject
Project("{9A19103F-16F7-4668-BE54-9A1E7A4F7556}") = "Kab.DemirAjans.DataAccess", "backend\Kab.DemirAjans.DataAccess\Kab.DemirAjans.DataAccess.csproj", "{8B11B252-160A-4F06-9A3A-E203D9E1C4FD}"
EndProject
Project("{9A19103F-16F7-4668-BE54-9A1E7A4F7556}") = "Kab.DemirAjans.EntityFrameworkCore", "backend\Kab.DemirAjans.EntityFrameworkCore\Kab.DemirAjans.EntityFrameworkCore.csproj", "{4665B8DB-06F6-43C1-8ED2-F9962CF99FF9}"
EndProject
Project("{9A19103F-16F7-4668-BE54-9A1E7A4F7556}") = "Kab.DemirAjans.Domain", "backend\Kab.DemirAjans.Domain\Kab.DemirAjans.Domain.csproj", "{B2655AEC-7F86-4B30-8993-F880D3FE7C88}"
EndProject
Project("{9A19103F-16F7-4668-BE54-9A1E7A4F7556}") = "Kab.DemirAjans.Business", "backend\Kab.DemirAjans.Business\Kab.DemirAjans.Business.csproj", "{8F5DAFD2-D75D-43AE-A398-9999BE439381}"
EndProject
Project("{9A19103F-16F7-4668-BE54-9A1E7A4F7556}") = "Kab.DemirAjans.Entities", "backend\Kab.DemirAjans.Entities\Kab.DemirAjans.Entities.csproj", "{190E5045-A963-4175-996B-9C89ED4C32D6}"
EndProject
Project("{00D1A9C2-B5F0-4AF3-8072-F6C62B433612}") = "Kab.DemirAjans.DB", "backend\Kab.DemirAjans.DB\Kab.DemirAjans.DB.sqlproj", "{9D2553C2-E757-4CBE-A807-BFEA43ED9DA4}"
EndProject
Project("{2150E333-8FDC-42A3-9474-1A3956D46DE8}") = "Solution Items", "Solution Items", "{81A84292-2188-4EB3-B8C0-6AEDEAF1B10F}"
	ProjectSection(SolutionItems) = preProject
		.editorconfig = .editorconfig
	EndProjectSection
EndProject
Global
	GlobalSection(SolutionConfigurationPlatforms) = preSolution
		Debug|Any CPU = Debug|Any CPU
		Release|Any CPU = Release|Any CPU
	EndGlobalSection
	GlobalSection(ProjectConfigurationPlatforms) = postSolution
		{8574609C-09CB-44DF-B97D-FB7F2E7424C3}.Debug|Any CPU.ActiveCfg = Debug|Any CPU
		{8574609C-09CB-44DF-B97D-FB7F2E7424C3}.Debug|Any CPU.Build.0 = Debug|Any CPU
		{8574609C-09CB-44DF-B97D-FB7F2E7424C3}.Release|Any CPU.ActiveCfg = Release|Any CPU
		{8574609C-09CB-44DF-B97D-FB7F2E7424C3}.Release|Any CPU.Build.0 = Release|Any CPU
		{8B11B252-160A-4F06-9A3A-E203D9E1C4FD}.Debug|Any CPU.ActiveCfg = Debug|Any CPU
		{8B11B252-160A-4F06-9A3A-E203D9E1C4FD}.Debug|Any CPU.Build.0 = Debug|Any CPU
		{8B11B252-160A-4F06-9A3A-E203D9E1C4FD}.Release|Any CPU.ActiveCfg = Release|Any CPU
		{8B11B252-160A-4F06-9A3A-E203D9E1C4FD}.Release|Any CPU.Build.0 = Release|Any CPU
		{4665B8DB-06F6-43C1-8ED2-F9962CF99FF9}.Debug|Any CPU.ActiveCfg = Debug|Any CPU
		{4665B8DB-06F6-43C1-8ED2-F9962CF99FF9}.Debug|Any CPU.Build.0 = Debug|Any CPU
		{4665B8DB-06F6-43C1-8ED2-F9962CF99FF9}.Release|Any CPU.ActiveCfg = Release|Any CPU
		{4665B8DB-06F6-43C1-8ED2-F9962CF99FF9}.Release|Any CPU.Build.0 = Release|Any CPU
		{B2655AEC-7F86-4B30-8993-F880D3FE7C88}.Debug|Any CPU.ActiveCfg = Debug|Any CPU
		{B2655AEC-7F86-4B30-8993-F880D3FE7C88}.Debug|Any CPU.Build.0 = Debug|Any CPU
		{B2655AEC-7F86-4B30-8993-F880D3FE7C88}.Release|Any CPU.ActiveCfg = Release|Any CPU
		{B2655AEC-7F86-4B30-8993-F880D3FE7C88}.Release|Any CPU.Build.0 = Release|Any CPU
		{8F5DAFD2-D75D-43AE-A398-9999BE439381}.Debug|Any CPU.ActiveCfg = Debug|Any CPU
		{8F5DAFD2-D75D-43AE-A398-9999BE439381}.Debug|Any CPU.Build.0 = Debug|Any CPU
		{8F5DAFD2-D75D-43AE-A398-9999BE439381}.Release|Any CPU.ActiveCfg = Release|Any CPU
		{8F5DAFD2-D75D-43AE-A398-9999BE439381}.Release|Any CPU.Build.0 = Release|Any CPU
		{190E5045-A963-4175-996B-9C89ED4C32D6}.Debug|Any CPU.ActiveCfg = Debug|Any CPU
		{190E5045-A963-4175-996B-9C89ED4C32D6}.Debug|Any CPU.Build.0 = Debug|Any CPU
		{190E5045-A963-4175-996B-9C89ED4C32D6}.Release|Any CPU.ActiveCfg = Release|Any CPU
		{190E5045-A963-4175-996B-9C89ED4C32D6}.Release|Any CPU.Build.0 = Release|Any CPU
		{9D2553C2-E757-4CBE-A807-BFEA43ED9DA4}.Debug|Any CPU.ActiveCfg = Debug|Any CPU
		{9D2553C2-E757-4CBE-A807-BFEA43ED9DA4}.Debug|Any CPU.Build.0 = Debug|Any CPU
		{9D2553C2-E757-4CBE-A807-BFEA43ED9DA4}.Debug|Any CPU.Deploy.0 = Debug|Any CPU
		{9D2553C2-E757-4CBE-A807-BFEA43ED9DA4}.Release|Any CPU.ActiveCfg = Release|Any CPU
		{9D2553C2-E757-4CBE-A807-BFEA43ED9DA4}.Release|Any CPU.Build.0 = Release|Any CPU
		{9D2553C2-E757-4CBE-A807-BFEA43ED9DA4}.Release|Any CPU.Deploy.0 = Release|Any CPU
	EndGlobalSection
	GlobalSection(SolutionProperties) = preSolution
		HideSolutionNode = FALSE
	EndGlobalSection
	GlobalSection(ExtensibilityGlobals) = postSolution
		SolutionGuid = {53C20783-2005-4731-96FB-4BD6E84CFBBE}
	EndGlobalSection
EndGlobal
